
Microsoft Visual Studio Solution File, Format Version 12.00
# Visual Studio Version 16
VisualStudioVersion = 16.0.31702.278
MinimumVisualStudioVersion = 10.0.40219.1
Project("{FAE04EC0-301F-11D3-BF4B-00C04F79EFBC}") = "MDiSUBD_WPF", "MDiSUBD_WPF.csproj", "{087583EA-5A7C-484D-9CAD-BB77A9EA4655}"
EndProject
Project("{54435603-DBB4-11D2-8724-00A0C9A8B90C}") = "MDiSUBD_Setup", "..\MDiSUBD_Setup\MDiSUBD_Setup.vdproj", "{C0C3A8A1-375A-4CDF-98AB-210C9D0A714E}"
EndProject
Global
	GlobalSection(SolutionConfigurationPlatforms) = preSolution
		Debug|Any CPU = Debug|Any CPU
		Release|Any CPU = Release|Any CPU
	EndGlobalSection
	GlobalSection(ProjectConfigurationPlatforms) = postSolution
		{087583EA-5A7C-484D-9CAD-BB77A9EA4655}.Debug|Any CPU.ActiveCfg = Debug|Any CPU
		{087583EA-5A7C-484D-9CAD-BB77A9EA4655}.Debug|Any CPU.Build.0 = Debug|Any CPU
		{087583EA-5A7C-484D-9CAD-BB77A9EA4655}.Release|Any CPU.ActiveCfg = Release|Any CPU
		{087583EA-5A7C-484D-9CAD-BB77A9EA4655}.Release|Any CPU.Build.0 = Release|Any CPU
		{C0C3A8A1-375A-4CDF-98AB-210C9D0A714E}.Debug|Any CPU.ActiveCfg = Debug
		{C0C3A8A1-375A-4CDF-98AB-210C9D0A714E}.Release|Any CPU.ActiveCfg = Release
	EndGlobalSection
	GlobalSection(SolutionProperties) = preSolution
		HideSolutionNode = FALSE
	EndGlobalSection
	GlobalSection(ExtensibilityGlobals) = postSolution
		SolutionGuid = {75FD5688-70B1-4EB6-98D1-F803DCE7F95A}
	EndGlobalSection
EndGlobal
